
Microsoft Visual Studio Solution File, Format Version 12.00
# Visual Studio Version 17
VisualStudioVersion = 17.7.34302.85
MinimumVisualStudioVersion = 10.0.40219.1
Project("{FAE04EC0-301F-11D3-BF4B-00C04F79EFBC}") = "BinaryRepresentation", "BinaryRepresentation\BinaryRepresentation.csproj", "{2C522F2C-8DD8-4B2A-99A4-E73B373EA468}"
EndProject
Project("{FAE04EC0-301F-11D3-BF4B-00C04F79EFBC}") = "TestBinaryRepresentation", "TestBinaryRepresentation\TestBinaryRepresentation.csproj", "{1F7F8979-6BAE-4226-84AF-51E1C3687BF9}"
EndProject
Global
	GlobalSection(SolutionConfigurationPlatforms) = preSolution
		Debug|Any CPU = Debug|Any CPU
		Release|Any CPU = Release|Any CPU
	EndGlobalSection
	GlobalSection(ProjectConfigurationPlatforms) = postSolution
		{2C522F2C-8DD8-4B2A-99A4-E73B373EA468}.Debug|Any CPU.ActiveCfg = Debug|Any CPU
		{2C522F2C-8DD8-4B2A-99A4-E73B373EA468}.Debug|Any CPU.Build.0 = Debug|Any CPU
		{2C522F2C-8DD8-4B2A-99A4-E73B373EA468}.Release|Any CPU.ActiveCfg = Release|Any CPU
		{2C522F2C-8DD8-4B2A-99A4-E73B373EA468}.Release|Any CPU.Build.0 = Release|Any CPU
		{1F7F8979-6BAE-4226-84AF-51E1C3687BF9}.Debug|Any CPU.ActiveCfg = Debug|Any CPU
		{1F7F8979-6BAE-4226-84AF-51E1C3687BF9}.Debug|Any CPU.Build.0 = Debug|Any CPU
		{1F7F8979-6BAE-4226-84AF-51E1C3687BF9}.Release|Any CPU.ActiveCfg = Release|Any CPU
		{1F7F8979-6BAE-4226-84AF-51E1C3687BF9}.Release|Any CPU.Build.0 = Release|Any CPU
	EndGlobalSection
	GlobalSection(SolutionProperties) = preSolution
		HideSolutionNode = FALSE
	EndGlobalSection
	GlobalSection(ExtensibilityGlobals) = postSolution
		SolutionGuid = {E0B44673-A07C-4680-8F3D-9DF133FD5259}
	EndGlobalSection
EndGlobal
