
Microsoft Visual Studio Solution File, Format Version 12.00
# Visual Studio Version 17
VisualStudioVersion = 17.7.34003.232
MinimumVisualStudioVersion = 10.0.40219.1
Project("{FAE04EC0-301F-11D3-BF4B-00C04F79EFBC}") = "Dates", "Dates\Dates.csproj", "{46855649-80F1-4BB6-B63A-ACE8929C84D8}"
EndProject
Project("{FAE04EC0-301F-11D3-BF4B-00C04F79EFBC}") = "UnitTestDates", "UnitTestDates\UnitTestDates.csproj", "{3FA29753-2D04-45C0-BCCC-F1784E0ED670}"
EndProject
Project("{FAE04EC0-301F-11D3-BF4B-00C04F79EFBC}") = "helpProgramDates", "helpProgramDates\helpProgramDates.csproj", "{36E26746-4513-4F4E-83F5-6F72C957F809}"
EndProject
Global
	GlobalSection(SolutionConfigurationPlatforms) = preSolution
		Debug|Any CPU = Debug|Any CPU
		Release|Any CPU = Release|Any CPU
	EndGlobalSection
	GlobalSection(ProjectConfigurationPlatforms) = postSolution
		{46855649-80F1-4BB6-B63A-ACE8929C84D8}.Debug|Any CPU.ActiveCfg = Debug|Any CPU
		{46855649-80F1-4BB6-B63A-ACE8929C84D8}.Debug|Any CPU.Build.0 = Debug|Any CPU
		{46855649-80F1-4BB6-B63A-ACE8929C84D8}.Release|Any CPU.ActiveCfg = Release|Any CPU
		{46855649-80F1-4BB6-B63A-ACE8929C84D8}.Release|Any CPU.Build.0 = Release|Any CPU
		{3FA29753-2D04-45C0-BCCC-F1784E0ED670}.Debug|Any CPU.ActiveCfg = Debug|Any CPU
		{3FA29753-2D04-45C0-BCCC-F1784E0ED670}.Debug|Any CPU.Build.0 = Debug|Any CPU
		{3FA29753-2D04-45C0-BCCC-F1784E0ED670}.Release|Any CPU.ActiveCfg = Release|Any CPU
		{3FA29753-2D04-45C0-BCCC-F1784E0ED670}.Release|Any CPU.Build.0 = Release|Any CPU
		{36E26746-4513-4F4E-83F5-6F72C957F809}.Debug|Any CPU.ActiveCfg = Debug|Any CPU
		{36E26746-4513-4F4E-83F5-6F72C957F809}.Debug|Any CPU.Build.0 = Debug|Any CPU
		{36E26746-4513-4F4E-83F5-6F72C957F809}.Release|Any CPU.ActiveCfg = Release|Any CPU
		{36E26746-4513-4F4E-83F5-6F72C957F809}.Release|Any CPU.Build.0 = Release|Any CPU
	EndGlobalSection
	GlobalSection(SolutionProperties) = preSolution
		HideSolutionNode = FALSE
	EndGlobalSection
	GlobalSection(ExtensibilityGlobals) = postSolution
		SolutionGuid = {D1C0B9FA-6429-41E4-8F3D-7BF3276A1A25}
	EndGlobalSection
EndGlobal
